
Microsoft Visual Studio Solution File, Format Version 11.00
# Visual Studio 2010
Project("{FAE04EC0-301F-11D3-BF4B-00C04F79EFBC}") = "SearchBoost.Net.Core", "SearchBoost.Net.Core\SearchBoost.Net.Core.csproj", "{32BB1070-BA33-46FD-A896-099E4B45B234}"
EndProject
Project("{2150E333-8FDC-42A3-9474-1A3956D46DE8}") = "Apps", "Apps", "{58A52645-007D-4682-B268-826ABF0FBA50}"
EndProject
Project("{FAE04EC0-301F-11D3-BF4B-00C04F79EFBC}") = "SearchBoost.Net.WebSpider", "SearchBoost.Net.WebSpider\SearchBoost.Net.WebSpider.csproj", "{712FB1A1-2022-410F-959F-DCCEA103F169}"
EndProject
Project("{2150E333-8FDC-42A3-9474-1A3956D46DE8}") = "Tests", "Tests", "{20606D21-3F1E-4402-BC79-632FFBD494F4}"
EndProject
Project("{FAE04EC0-301F-11D3-BF4B-00C04F79EFBC}") = "SearchBoost.Net.Tests.CliRemoteClient", ".tests\SearchBoost.Net.Tests.CliRemoteClient\SearchBoost.Net.Tests.CliRemoteClient.csproj", "{31155E5A-964E-4B0D-8D39-447023DD8AB3}"
EndProject
Project("{FAE04EC0-301F-11D3-BF4B-00C04F79EFBC}") = "SearchBoost.Net.Tests.CliWcfHost", ".tests\SearchBoost.Net.Tests.CliWcfHost\SearchBoost.Net.Tests.CliWcfHost.csproj", "{C78081B6-1FAF-41E1-80E0-C98AE7DE5279}"
EndProject
Project("{FAE04EC0-301F-11D3-BF4B-00C04F79EFBC}") = "SearchBoost.Net.UnitTests", ".tests\SearchBoost.Net.UnitTests\SearchBoost.Net.UnitTests.csproj", "{821C1C94-EF84-477F-8540-1784EB7C1C61}"
EndProject
Project("{2150E333-8FDC-42A3-9474-1A3956D46DE8}") = "Installers", "Installers", "{ECC2BBD7-6722-436C-8FCD-8495BBD60F2E}"
EndProject
Global
	GlobalSection(SolutionConfigurationPlatforms) = preSolution
		Debug|Any CPU = Debug|Any CPU
		Debug|Mixed Platforms = Debug|Mixed Platforms
		Debug|x86 = Debug|x86
		Release|Any CPU = Release|Any CPU
		Release|Mixed Platforms = Release|Mixed Platforms
		Release|x86 = Release|x86
	EndGlobalSection
	GlobalSection(ProjectConfigurationPlatforms) = postSolution
		{32BB1070-BA33-46FD-A896-099E4B45B234}.Debug|Any CPU.ActiveCfg = Debug|Any CPU
		{32BB1070-BA33-46FD-A896-099E4B45B234}.Debug|Any CPU.Build.0 = Debug|Any CPU
		{32BB1070-BA33-46FD-A896-099E4B45B234}.Debug|Mixed Platforms.ActiveCfg = Debug|Any CPU
		{32BB1070-BA33-46FD-A896-099E4B45B234}.Debug|Mixed Platforms.Build.0 = Debug|Any CPU
		{32BB1070-BA33-46FD-A896-099E4B45B234}.Debug|x86.ActiveCfg = Debug|Any CPU
		{32BB1070-BA33-46FD-A896-099E4B45B234}.Release|Any CPU.ActiveCfg = Release|Any CPU
		{32BB1070-BA33-46FD-A896-099E4B45B234}.Release|Any CPU.Build.0 = Release|Any CPU
		{32BB1070-BA33-46FD-A896-099E4B45B234}.Release|Mixed Platforms.ActiveCfg = Release|Any CPU
		{32BB1070-BA33-46FD-A896-099E4B45B234}.Release|Mixed Platforms.Build.0 = Release|Any CPU
		{32BB1070-BA33-46FD-A896-099E4B45B234}.Release|x86.ActiveCfg = Release|Any CPU
		{712FB1A1-2022-410F-959F-DCCEA103F169}.Debug|Any CPU.ActiveCfg = Debug|Any CPU
		{712FB1A1-2022-410F-959F-DCCEA103F169}.Debug|Any CPU.Build.0 = Debug|Any CPU
		{712FB1A1-2022-410F-959F-DCCEA103F169}.Debug|Mixed Platforms.ActiveCfg = Debug|Any CPU
		{712FB1A1-2022-410F-959F-DCCEA103F169}.Debug|Mixed Platforms.Build.0 = Debug|Any CPU
		{712FB1A1-2022-410F-959F-DCCEA103F169}.Debug|x86.ActiveCfg = Debug|Any CPU
		{712FB1A1-2022-410F-959F-DCCEA103F169}.Release|Any CPU.ActiveCfg = Release|Any CPU
		{712FB1A1-2022-410F-959F-DCCEA103F169}.Release|Any CPU.Build.0 = Release|Any CPU
		{712FB1A1-2022-410F-959F-DCCEA103F169}.Release|Mixed Platforms.ActiveCfg = Release|Any CPU
		{712FB1A1-2022-410F-959F-DCCEA103F169}.Release|Mixed Platforms.Build.0 = Release|Any CPU
		{712FB1A1-2022-410F-959F-DCCEA103F169}.Release|x86.ActiveCfg = Release|Any CPU
		{31155E5A-964E-4B0D-8D39-447023DD8AB3}.Debug|Any CPU.ActiveCfg = Debug|x86
		{31155E5A-964E-4B0D-8D39-447023DD8AB3}.Debug|Mixed Platforms.ActiveCfg = Debug|x86
		{31155E5A-964E-4B0D-8D39-447023DD8AB3}.Debug|Mixed Platforms.Build.0 = Debug|x86
		{31155E5A-964E-4B0D-8D39-447023DD8AB3}.Debug|x86.ActiveCfg = Debug|x86
		{31155E5A-964E-4B0D-8D39-447023DD8AB3}.Debug|x86.Build.0 = Debug|x86
		{31155E5A-964E-4B0D-8D39-447023DD8AB3}.Release|Any CPU.ActiveCfg = Release|x86
		{31155E5A-964E-4B0D-8D39-447023DD8AB3}.Release|Mixed Platforms.ActiveCfg = Release|x86
		{31155E5A-964E-4B0D-8D39-447023DD8AB3}.Release|Mixed Platforms.Build.0 = Release|x86
		{31155E5A-964E-4B0D-8D39-447023DD8AB3}.Release|x86.ActiveCfg = Release|x86
		{31155E5A-964E-4B0D-8D39-447023DD8AB3}.Release|x86.Build.0 = Release|x86
		{C78081B6-1FAF-41E1-80E0-C98AE7DE5279}.Debug|Any CPU.ActiveCfg = Debug|x86
		{C78081B6-1FAF-41E1-80E0-C98AE7DE5279}.Debug|Mixed Platforms.ActiveCfg = Debug|x86
		{C78081B6-1FAF-41E1-80E0-C98AE7DE5279}.Debug|Mixed Platforms.Build.0 = Debug|x86
		{C78081B6-1FAF-41E1-80E0-C98AE7DE5279}.Debug|x86.ActiveCfg = Debug|x86
		{C78081B6-1FAF-41E1-80E0-C98AE7DE5279}.Debug|x86.Build.0 = Debug|x86
		{C78081B6-1FAF-41E1-80E0-C98AE7DE5279}.Release|Any CPU.ActiveCfg = Release|x86
		{C78081B6-1FAF-41E1-80E0-C98AE7DE5279}.Release|Mixed Platforms.ActiveCfg = Release|x86
		{C78081B6-1FAF-41E1-80E0-C98AE7DE5279}.Release|Mixed Platforms.Build.0 = Release|x86
		{C78081B6-1FAF-41E1-80E0-C98AE7DE5279}.Release|x86.ActiveCfg = Release|x86
		{C78081B6-1FAF-41E1-80E0-C98AE7DE5279}.Release|x86.Build.0 = Release|x86
		{821C1C94-EF84-477F-8540-1784EB7C1C61}.Debug|Any CPU.ActiveCfg = Debug|Any CPU
		{821C1C94-EF84-477F-8540-1784EB7C1C61}.Debug|Any CPU.Build.0 = Debug|Any CPU
		{821C1C94-EF84-477F-8540-1784EB7C1C61}.Debug|Mixed Platforms.ActiveCfg = Debug|Any CPU
		{821C1C94-EF84-477F-8540-1784EB7C1C61}.Debug|Mixed Platforms.Build.0 = Debug|Any CPU
		{821C1C94-EF84-477F-8540-1784EB7C1C61}.Debug|x86.ActiveCfg = Debug|Any CPU
		{821C1C94-EF84-477F-8540-1784EB7C1C61}.Release|Any CPU.ActiveCfg = Release|Any CPU
		{821C1C94-EF84-477F-8540-1784EB7C1C61}.Release|Any CPU.Build.0 = Release|Any CPU
		{821C1C94-EF84-477F-8540-1784EB7C1C61}.Release|Mixed Platforms.ActiveCfg = Release|Any CPU
		{821C1C94-EF84-477F-8540-1784EB7C1C61}.Release|Mixed Platforms.Build.0 = Release|Any CPU
		{821C1C94-EF84-477F-8540-1784EB7C1C61}.Release|x86.ActiveCfg = Release|Any CPU
	EndGlobalSection
	GlobalSection(SolutionProperties) = preSolution
		HideSolutionNode = FALSE
	EndGlobalSection
	GlobalSection(NestedProjects) = preSolution
		{31155E5A-964E-4B0D-8D39-447023DD8AB3} = {20606D21-3F1E-4402-BC79-632FFBD494F4}
		{C78081B6-1FAF-41E1-80E0-C98AE7DE5279} = {20606D21-3F1E-4402-BC79-632FFBD494F4}
		{821C1C94-EF84-477F-8540-1784EB7C1C61} = {20606D21-3F1E-4402-BC79-632FFBD494F4}
	EndGlobalSection
EndGlobal
